
Microsoft Visual Studio Solution File, Format Version 12.00
# Visual Studio Version 16
VisualStudioVersion = 16.0.29728.190
MinimumVisualStudioVersion = 10.0.40219.1
Project("{FAE04EC0-301F-11D3-BF4B-00C04F79EFBC}") = "ThreadGame", "ThreadGame\ThreadGame.csproj", "{283D7289-4B7E-4336-89D7-5C1048AB46C6}"
EndProject
Global
	GlobalSection(SolutionConfigurationPlatforms) = preSolution
		Debug|Any CPU = Debug|Any CPU
		Release|Any CPU = Release|Any CPU
	EndGlobalSection
	GlobalSection(ProjectConfigurationPlatforms) = postSolution
		{283D7289-4B7E-4336-89D7-5C1048AB46C6}.Debug|Any CPU.ActiveCfg = Debug|Any CPU
		{283D7289-4B7E-4336-89D7-5C1048AB46C6}.Debug|Any CPU.Build.0 = Debug|Any CPU
		{283D7289-4B7E-4336-89D7-5C1048AB46C6}.Release|Any CPU.ActiveCfg = Release|Any CPU
		{283D7289-4B7E-4336-89D7-5C1048AB46C6}.Release|Any CPU.Build.0 = Release|Any CPU
	EndGlobalSection
	GlobalSection(SolutionProperties) = preSolution
		HideSolutionNode = FALSE
	EndGlobalSection
	GlobalSection(ExtensibilityGlobals) = postSolution
		SolutionGuid = {AE51DBC3-1F4A-4FB1-B4E3-A6084BAFAAB8}
	EndGlobalSection
EndGlobal
